
Microsoft Visual Studio Solution File, Format Version 12.00
# Visual Studio Version 17
VisualStudioVersion = 17.8.34316.72
MinimumVisualStudioVersion = 10.0.40219.1
Project("{888888A0-9F3D-457C-B088-3A5042F75D52}") = "k,n,b", "k,n,b\k,n,b.pyproj", "{8819D3F2-C5A2-43C1-9BE9-912EC4C081C0}"
EndProject
Global
	GlobalSection(SolutionConfigurationPlatforms) = preSolution
		Debug|Any CPU = Debug|Any CPU
		Release|Any CPU = Release|Any CPU
	EndGlobalSection
	GlobalSection(ProjectConfigurationPlatforms) = postSolution
		{8819D3F2-C5A2-43C1-9BE9-912EC4C081C0}.Debug|Any CPU.ActiveCfg = Debug|Any CPU
		{8819D3F2-C5A2-43C1-9BE9-912EC4C081C0}.Release|Any CPU.ActiveCfg = Release|Any CPU
	EndGlobalSection
	GlobalSection(SolutionProperties) = preSolution
		HideSolutionNode = FALSE
	EndGlobalSection
	GlobalSection(ExtensibilityGlobals) = postSolution
		SolutionGuid = {636F8B1F-5768-4C79-B6AA-702327BB597E}
	EndGlobalSection
EndGlobal
